
Microsoft Visual Studio Solution File, Format Version 12.00
# Visual Studio Version 17
VisualStudioVersion = 17.3.32901.215
MinimumVisualStudioVersion = 10.0.40219.1
Project("{FAE04EC0-301F-11D3-BF4B-00C04F79EFBC}") = "L13_LPRR_1148822", "L13_LPRR_1148822\L13_LPRR_1148822.csproj", "{140864CF-CD16-4EEB-90DA-F81A8A861E63}"
EndProject
Global
	GlobalSection(SolutionConfigurationPlatforms) = preSolution
		Debug|Any CPU = Debug|Any CPU
		Release|Any CPU = Release|Any CPU
	EndGlobalSection
	GlobalSection(ProjectConfigurationPlatforms) = postSolution
		{140864CF-CD16-4EEB-90DA-F81A8A861E63}.Debug|Any CPU.ActiveCfg = Debug|Any CPU
		{140864CF-CD16-4EEB-90DA-F81A8A861E63}.Debug|Any CPU.Build.0 = Debug|Any CPU
		{140864CF-CD16-4EEB-90DA-F81A8A861E63}.Release|Any CPU.ActiveCfg = Release|Any CPU
		{140864CF-CD16-4EEB-90DA-F81A8A861E63}.Release|Any CPU.Build.0 = Release|Any CPU
	EndGlobalSection
	GlobalSection(SolutionProperties) = preSolution
		HideSolutionNode = FALSE
	EndGlobalSection
	GlobalSection(ExtensibilityGlobals) = postSolution
		SolutionGuid = {45119835-BCD0-44B0-AF68-122C34D43AEF}
	EndGlobalSection
EndGlobal
